[[tools.node]]
version = "22.22.0"
backend = "core:node"
"platforms.linux-arm64" = { checksum = "sha256:25ba95dfb96871fa2ef977f11f95ea90818c8fa15c0f2110771db08d4ba423be", url = "https://nodejs.org/dist/v22.22.0/node-v22.22.0-linux-arm64.tar.gz"}
"platforms.linux-x64" = { checksum = "sha256:c33c39ed9c80deddde77c960d00119918b9e352426fd604ba41638d6526a4744", url = "https://nodejs.org/dist/v22.22.0/node-v22.22.0-linux-x64.tar.gz"}
"platforms.macos-arm64" = { checksum = "sha256:5ed4db0fcf1eaf84d91ad12462631d73bf4576c1377e192d222e48026a902640", url = "https://nodejs.org/dist/v22.22.0/node-v22.22.0-darwin-arm64.tar.gz"}
"platforms.macos-x64" = { checksum = "sha256:5ea50c9d6dea3dfa3abb66b2656f7a4e1c8cef23432b558d45fb538c7b5dedce", url = "https://nodejs.org/dist/v22.22.0/node-v22.22.0-darwin-x64.tar.gz"}
"platforms.windows-x64" = { checksum = "sha256:c97fa376d2becdc8863fcd3ca2dd9a83a9f3468ee7ccf7a6d076ec66a645c77a", url = "https://nodejs.org/dist/v22.22.0/node-v22.22.0-win-x64.zip"}

[[tools.uv]]
version = "0.9.28"
backend = "aqua:astral-sh/uv"
"platforms.linux-arm64" = { checksum = "sha256:eec3249254efac972d2555ff858f8ed20f05b40fbb38ac83b15cf0a2ccc86749", url = "https://github.com/astral-sh/uv/releases/download/0.9.28/uv-aarch64-unknown-linux-musl.tar.gz"}
"platforms.linux-x64" = { checksum = "sha256:83cd032167b6b97ac94830608efe11159b3d485654e39fdb0bf84718ef236afe", url = "https://github.com/astral-sh/uv/releases/download/0.9.28/uv-x86_64-unknown-linux-musl.tar.gz"}
"platforms.macos-arm64" = { checksum = "sha256:12163fe09eb292d3ad1ea0f132a84485c902e2ff360d57562bf676e6615fcba0", url = "https://github.com/astral-sh/uv/releases/download/0.9.28/uv-aarch64-apple-darwin.tar.gz"}
"platforms.macos-x64" = { checksum = "sha256:3a8030881d13b824e5168f5e4d060e715e40753249766bda3d52d6771d93b169", url = "https://github.com/astral-sh/uv/releases/download/0.9.28/uv-x86_64-apple-darwin.tar.gz"}
"platforms.windows-x64" = { checksum = "sha256:9cb567fcd92f31431220ce620787043b946c30b9bb46ca213780e5ef471453be", url = "https://github.com/astral-sh/uv/releases/download/0.9.28/uv-x86_64-pc-windows-msvc.zip"}
